<?xml version="1.0" encoding="utf-8"?>
<Project ToolsVersion="4.0" xmlns="http://schemas.microsoft.com/developer/msbuild/2003">
  <ItemGroup>
    <Filter Include="Source Files">
      <UniqueIdentifier>{4FC737F1-C7A5-4376-A066-2A32D752A2FF}</UniqueIdentifier>
      <Extensions>cpp;c;cc;cxx;c++;cppm;ixx;def;odl;idl;hpj;bat;asm;asmx</Extensions>
    </Filter>
    <Filter Include="Header Files">
      <UniqueIdentifier>{93995380-89BD-4b04-88EB-625FBE52EBFB}</UniqueIdentifier>
      <Extensions>h;hh;hpp;hxx;h++;hm;inl;inc;ipp;xsd</Extensions>
    </Filter>
    <Filter Include="Resource Files">
      <UniqueIdentifier>{67DA6AB6-F800-4c08-8B7A-83BB121AAD01}</UniqueIdentifier>
      <Extensions>rc;ico;cur;bmp;dlg;rc2;rct;bin;rgs;gif;jpg;jpeg;jpe;resx;tiff;tif;png;wav;mfcribbon-ms</Extensions>
    </Filter>
  </ItemGroup>
  <ItemGroup>
    <ClInclude Include="framework.h">
      <Filter>Header Files</Filter>
    </ClInclude>
    <ClInclude Include="pch.h">
      <Filter>Header Files</Filter>
    </ClInclude>
    <ClInclude Include="Objects.h">
      <Filter>Header Files</Filter>
    </ClInclude>
    <ClInclude Include="Enemies.h">
      <Filter>Header Files</Filter>
    </ClInclude>
    <ClInclude Include="Chaos.h">
      <Filter>Header Files</Filter>
    </ClInclude>
    <ClInclude Include="Effects.h">
      <Filter>Header Files</Filter>
    </ClInclude>
    <ClInclude Include="Teleport.h">
      <Filter>Header Files</Filter>
    </ClInclude>
    <ClInclude Include="PowerUPS.h">
      <Filter>Header Files</Filter>
    </ClInclude>
    <ClInclude Include="TikalHints.h">
      <Filter>Header Files</Filter>
    </ClInclude>
    <ClInclude Include="DebugDraw.h">
      <Filter>Header Files</Filter>
    </ClInclude>
    <ClInclude Include="TextureReset.h">
      <Filter>Header Files</Filter>
    </ClInclude>
    <ClInclude Include="AnimalTexture.h">
      <Filter>Header Files</Filter>
    </ClInclude>
    <ClInclude Include="RotateMa.h">
      <Filter>Header Files</Filter>
    </ClInclude>
    <ClInclude Include="TimerFunctions.h">
      <Filter>Header Files</Filter>
    </ClInclude>
    <ClInclude Include="InitFixes.h">
      <Filter>Header Files</Filter>
    </ClInclude>
    <ClInclude Include="FreeMovements.h">
      <Filter>Header Files</Filter>
    </ClInclude>
    <ClInclude Include="Cart.h">
      <Filter>Header Files</Filter>
    </ClInclude>
    <ClInclude Include="WaterPiller.h">
      <Filter>Header Files</Filter>
    </ClInclude>
  </ItemGroup>
  <ItemGroup>
    <ClCompile Include="dllmain.cpp">
      <Filter>Source Files</Filter>
    </ClCompile>
    <ClCompile Include="pch.cpp">
      <Filter>Source Files</Filter>
    </ClCompile>
    <ClCompile Include="Chaos.cpp">
      <Filter>Source Files</Filter>
    </ClCompile>
    <ClCompile Include="Objects.cpp">
      <Filter>Source Files</Filter>
    </ClCompile>
    <ClCompile Include="Enemies.cpp">
      <Filter>Source Files</Filter>
    </ClCompile>
    <ClCompile Include="Effects.cpp">
      <Filter>Source Files</Filter>
    </ClCompile>
    <ClCompile Include="Teleport.cpp">
      <Filter>Source Files</Filter>
    </ClCompile>
    <ClCompile Include="PowerUPS.cpp">
      <Filter>Source Files</Filter>
    </ClCompile>
    <ClCompile Include="TikalHints.cpp">
      <Filter>Source Files</Filter>
    </ClCompile>
    <ClCompile Include="DebugDraw.cpp">
      <Filter>Source Files</Filter>
    </ClCompile>
    <ClCompile Include="TextureReset.cpp">
      <Filter>Source Files</Filter>
    </ClCompile>
    <ClCompile Include="AnimalTextures.cpp">
      <Filter>Source Files</Filter>
    </ClCompile>
    <ClCompile Include="RotateMa.cpp">
      <Filter>Source Files</Filter>
    </ClCompile>
    <ClCompile Include="TimerFunctions.cpp">
      <Filter>Source Files</Filter>
    </ClCompile>
    <ClCompile Include="InitFixes.cpp">
      <Filter>Source Files</Filter>
    </ClCompile>
    <ClCompile Include="FreeMovements.cpp">
      <Filter>Source Files</Filter>
    </ClCompile>
    <ClCompile Include="Trampoline.cpp">
      <Filter>Source Files</Filter>
    </ClCompile>
    <ClCompile Include="Cart.cpp">
      <Filter>Source Files</Filter>
    </ClCompile>
    <ClCompile Include="WaterPiller.cpp">
      <Filter>Source Files</Filter>
    </ClCompile>
  </ItemGroup>
  <ItemGroup>
    <Text Include="Change.Log">
      <Filter>Source Files</Filter>
    </Text>
  </ItemGroup>
</Project>